
Microsoft Visual Studio Solution File, Format Version 12.00
# Visual Studio Version 16
VisualStudioVersion = 16.0.30523.141
MinimumVisualStudioVersion = 10.0.40219.1
Project("{FAE04EC0-301F-11D3-BF4B-00C04F79EFBC}") = "Negrea_Georgiana_Lab2", "Negrea_Georgiana_Lab2.csproj", "{C1DE2BB2-666D-49C8-B9CE-7917731E492C}"
EndProject
Global
	GlobalSection(SolutionConfigurationPlatforms) = preSolution
		Debug|Any CPU = Debug|Any CPU
		Release|Any CPU = Release|Any CPU
	EndGlobalSection
	GlobalSection(ProjectConfigurationPlatforms) = postSolution
		{C1DE2BB2-666D-49C8-B9CE-7917731E492C}.Debug|Any CPU.ActiveCfg = Debug|Any CPU
		{C1DE2BB2-666D-49C8-B9CE-7917731E492C}.Debug|Any CPU.Build.0 = Debug|Any CPU
		{C1DE2BB2-666D-49C8-B9CE-7917731E492C}.Release|Any CPU.ActiveCfg = Release|Any CPU
		{C1DE2BB2-666D-49C8-B9CE-7917731E492C}.Release|Any CPU.Build.0 = Release|Any CPU
	EndGlobalSection
	GlobalSection(SolutionProperties) = preSolution
		HideSolutionNode = FALSE
	EndGlobalSection
	GlobalSection(ExtensibilityGlobals) = postSolution
		SolutionGuid = {73E7E30C-EB07-4407-AB79-014F1259BDDD}
	EndGlobalSection
EndGlobal
